
Microsoft Visual Studio Solution File, Format Version 12.00
# Visual Studio Version 16
VisualStudioVersion = 16.0.30330.147
MinimumVisualStudioVersion = 10.0.40219.1
Project("{FAE04EC0-301F-11D3-BF4B-00C04F79EFBC}") = "Client", "Client\Client.csproj", "{EDC3B944-C8C9-442E-AF34-EA84DA0A4E5B}"
EndProject
Project("{FAE04EC0-301F-11D3-BF4B-00C04F79EFBC}") = "Server", "Server\Server.csproj", "{4BE81919-9D66-455C-8A5E-2DCD1AC59934}"
EndProject
Global
	GlobalSection(SolutionConfigurationPlatforms) = preSolution
		Debug|Any CPU = Debug|Any CPU
		Release|Any CPU = Release|Any CPU
	EndGlobalSection
	GlobalSection(ProjectConfigurationPlatforms) = postSolution
		{EDC3B944-C8C9-442E-AF34-EA84DA0A4E5B}.Debug|Any CPU.ActiveCfg = Debug|Any CPU
		{EDC3B944-C8C9-442E-AF34-EA84DA0A4E5B}.Debug|Any CPU.Build.0 = Debug|Any CPU
		{EDC3B944-C8C9-442E-AF34-EA84DA0A4E5B}.Release|Any CPU.ActiveCfg = Release|Any CPU
		{EDC3B944-C8C9-442E-AF34-EA84DA0A4E5B}.Release|Any CPU.Build.0 = Release|Any CPU
		{4BE81919-9D66-455C-8A5E-2DCD1AC59934}.Debug|Any CPU.ActiveCfg = Debug|Any CPU
		{4BE81919-9D66-455C-8A5E-2DCD1AC59934}.Debug|Any CPU.Build.0 = Debug|Any CPU
		{4BE81919-9D66-455C-8A5E-2DCD1AC59934}.Release|Any CPU.ActiveCfg = Release|Any CPU
		{4BE81919-9D66-455C-8A5E-2DCD1AC59934}.Release|Any CPU.Build.0 = Release|Any CPU
	EndGlobalSection
	GlobalSection(SolutionProperties) = preSolution
		HideSolutionNode = FALSE
	EndGlobalSection
	GlobalSection(ExtensibilityGlobals) = postSolution
		SolutionGuid = {C11D56F1-3595-42AC-9609-BCB2312F1B3B}
	EndGlobalSection
EndGlobal
